<?xml version="1.0" encoding="utf-8"?>
<Project ToolsVersion="4.0" xmlns="http://schemas.microsoft.com/developer/msbuild/2003">
  <ItemGroup>
    <Filter Include="Source Files">
      <UniqueIdentifier>{4FC737F1-C7A5-4376-A066-2A32D752A2FF}</UniqueIdentifier>
      <Extensions>cpp;c;cc;cxx;c++;cppm;ixx;def;odl;idl;hpj;bat;asm;asmx</Extensions>
    </Filter>
    <Filter Include="Header Files">
      <UniqueIdentifier>{93995380-89BD-4b04-88EB-625FBE52EBFB}</UniqueIdentifier>
      <Extensions>h;hh;hpp;hxx;h++;hm;inl;inc;ipp;xsd</Extensions>
    </Filter>
    <Filter Include="Resource Files">
      <UniqueIdentifier>{67DA6AB6-F800-4c08-8B7A-83BB121AAD01}</UniqueIdentifier>
      <Extensions>rc;ico;cur;bmp;dlg;rc2;rct;bin;rgs;gif;jpg;jpeg;jpe;resx;tiff;tif;png;wav;mfcribbon-ms</Extensions>
    </Filter>
    <Filter Include="Forms">
      <UniqueIdentifier>{3b11bc40-d63e-4ccc-9a6e-6f15560448d2}</UniqueIdentifier>
    </Filter>
  </ItemGroup>
  <ItemGroup>
    <ClCompile Include="MyForm.cpp">
      <Filter>Source Files</Filter>
    </ClCompile>
    <ClCompile Include="LoginForm.cpp">
      <Filter>Forms</Filter>
    </ClCompile>
    <ClCompile Include="PersonnelForm.cpp">
      <Filter>Forms</Filter>
    </ClCompile>
    <ClCompile Include="ClientForm.cpp">
      <Filter>Forms</Filter>
    </ClCompile>
    <ClCompile Include="CommandeForm.cpp">
      <Filter>Forms</Filter>
    </ClCompile>
    <ClCompile Include="StockForm.cpp">
      <Filter>Forms</Filter>
    </ClCompile>
    <ClCompile Include="StatForm.cpp">
      <Filter>Forms</Filter>
    </ClCompile>
    <ClCompile Include="Share.cpp">
      <Filter>Source Files</Filter>
    </ClCompile>
    <ClCompile Include="DataViewer.cpp">
      <Filter>Forms</Filter>
    </ClCompile>
    <ClCompile Include="ClientModificateForm.cpp">
      <Filter>Forms</Filter>
    </ClCompile>
    <ClCompile Include="PersonelModificateForm.cpp">
      <Filter>Forms</Filter>
    </ClCompile>
    <ClCompile Include="ArticleModificateForm.cpp">
      <Filter>Forms</Filter>
    </ClCompile>
    <ClCompile Include="CreateLotForm.cpp">
      <Filter>Forms</Filter>
    </ClCompile>
    <ClCompile Include="ParametreForm.cpp">
      <Filter>Forms</Filter>
    </ClCompile>
    <ClCompile Include="CreateCommandeForm.cpp">
      <Filter>Forms</Filter>
    </ClCompile>
    <ClCompile Include="CommandeModificateForm.cpp">
      <Filter>Forms</Filter>
    </ClCompile>
  </ItemGroup>
  <ItemGroup>
    <ClInclude Include="MyForm.h">
      <Filter>Header Files</Filter>
    </ClInclude>
    <ClInclude Include="LoginForm.h">
      <Filter>Forms</Filter>
    </ClInclude>
    <ClInclude Include="PersonnelForm.h">
      <Filter>Forms</Filter>
    </ClInclude>
    <ClInclude Include="ClientForm.h">
      <Filter>Forms</Filter>
    </ClInclude>
    <ClInclude Include="CommandeForm.h">
      <Filter>Forms</Filter>
    </ClInclude>
    <ClInclude Include="StockForm.h">
      <Filter>Forms</Filter>
    </ClInclude>
    <ClInclude Include="StatForm.h">
      <Filter>Forms</Filter>
    </ClInclude>
    <ClInclude Include="Share.h">
      <Filter>Header Files</Filter>
    </ClInclude>
    <ClInclude Include="DataViewer.h">
      <Filter>Forms</Filter>
    </ClInclude>
    <ClInclude Include="ClientModificateForm.h">
      <Filter>Forms</Filter>
    </ClInclude>
    <ClInclude Include="PersonelModificateForm.h">
      <Filter>Forms</Filter>
    </ClInclude>
    <ClInclude Include="ArticleModificateForm.h">
      <Filter>Forms</Filter>
    </ClInclude>
    <ClInclude Include="CreateLotForm.h">
      <Filter>Forms</Filter>
    </ClInclude>
    <ClInclude Include="ParametreForm.h">
      <Filter>Forms</Filter>
    </ClInclude>
    <ClInclude Include="CreateCommandeForm.h">
      <Filter>Forms</Filter>
    </ClInclude>
    <ClInclude Include="CommandeModificateForm.h">
      <Filter>Forms</Filter>
    </ClInclude>
  </ItemGroup>
</Project>