
Microsoft Visual Studio Solution File, Format Version 12.00
# Visual Studio Version 16
VisualStudioVersion = 16.0.30621.155
MinimumVisualStudioVersion = 10.0.40219.1
Project("{8BC9CEB8-8B4A-11D0-8D11-00A0C91BC942}") = "POO Project", "POO Project.vcxproj", "{D62879BC-E80A-4B1E-9AAE-CF82FCA9B7A1}"
EndProject
Project("{54435603-DBB4-11D2-8724-00A0C9A8B90C}") = "Installer", "..\Installer\Installer.vdproj", "{334D34BC-AC6A-4AFB-A772-AD4A14657B2B}"
EndProject
Global
	GlobalSection(SolutionConfigurationPlatforms) = preSolution
		Debug|x64 = Debug|x64
		Debug|x86 = Debug|x86
		Release|x64 = Release|x64
		Release|x86 = Release|x86
	EndGlobalSection
	GlobalSection(ProjectConfigurationPlatforms) = postSolution
		{D62879BC-E80A-4B1E-9AAE-CF82FCA9B7A1}.Debug|x64.ActiveCfg = Debug|x64
		{D62879BC-E80A-4B1E-9AAE-CF82FCA9B7A1}.Debug|x64.Build.0 = Debug|x64
		{D62879BC-E80A-4B1E-9AAE-CF82FCA9B7A1}.Debug|x86.ActiveCfg = Release|Win32
		{D62879BC-E80A-4B1E-9AAE-CF82FCA9B7A1}.Debug|x86.Build.0 = Release|Win32
		{D62879BC-E80A-4B1E-9AAE-CF82FCA9B7A1}.Release|x64.ActiveCfg = Release|x64
		{D62879BC-E80A-4B1E-9AAE-CF82FCA9B7A1}.Release|x64.Build.0 = Release|x64
		{D62879BC-E80A-4B1E-9AAE-CF82FCA9B7A1}.Release|x86.ActiveCfg = Release|Win32
		{D62879BC-E80A-4B1E-9AAE-CF82FCA9B7A1}.Release|x86.Build.0 = Release|Win32
		{334D34BC-AC6A-4AFB-A772-AD4A14657B2B}.Debug|x64.ActiveCfg = Debug
		{334D34BC-AC6A-4AFB-A772-AD4A14657B2B}.Debug|x86.ActiveCfg = Release
		{334D34BC-AC6A-4AFB-A772-AD4A14657B2B}.Release|x64.ActiveCfg = Release
		{334D34BC-AC6A-4AFB-A772-AD4A14657B2B}.Release|x86.ActiveCfg = Release
	EndGlobalSection
	GlobalSection(SolutionProperties) = preSolution
		HideSolutionNode = FALSE
	EndGlobalSection
	GlobalSection(ExtensibilityGlobals) = postSolution
		SolutionGuid = {FC8DCCC3-A426-4846-BA26-71380E23911F}
	EndGlobalSection
EndGlobal
